
Microsoft Visual Studio Solution File, Format Version 12.00
# Visual Studio Version 17
VisualStudioVersion = 17.6.33829.357
MinimumVisualStudioVersion = 10.0.40219.1
Project("{FAE04EC0-301F-11D3-BF4B-00C04F79EFBC}") = "lab3", "lab3\lab3.csproj", "{B7402936-4EEE-4758-879B-C4388F484B6A}"
EndProject
Global
	GlobalSection(SolutionConfigurationPlatforms) = preSolution
		Debug|Any CPU = Debug|Any CPU
		Release|Any CPU = Release|Any CPU
	EndGlobalSection
	GlobalSection(ProjectConfigurationPlatforms) = postSolution
		{B7402936-4EEE-4758-879B-C4388F484B6A}.Debug|Any CPU.ActiveCfg = Debug|Any CPU
		{B7402936-4EEE-4758-879B-C4388F484B6A}.Debug|Any CPU.Build.0 = Debug|Any CPU
		{B7402936-4EEE-4758-879B-C4388F484B6A}.Release|Any CPU.ActiveCfg = Release|Any CPU
		{B7402936-4EEE-4758-879B-C4388F484B6A}.Release|Any CPU.Build.0 = Release|Any CPU
	EndGlobalSection
	GlobalSection(SolutionProperties) = preSolution
		HideSolutionNode = FALSE
	EndGlobalSection
	GlobalSection(ExtensibilityGlobals) = postSolution
		SolutionGuid = {68A6C36E-D949-4BCC-900D-44946A617017}
	EndGlobalSection
EndGlobal
